
Microsoft Visual Studio Solution File, Format Version 12.00
# Visual Studio Version 17
VisualStudioVersion = 17.2.32630.192
MinimumVisualStudioVersion = 10.0.40219.1
Project("{9A19103F-16F7-4668-BE54-9A1E7A4F7556}") = "TestTask.Web", "TestTask\TestTask.Web.csproj", "{2A66A52B-422C-4118-955B-EA89D22B5AE3}"
EndProject
Project("{9A19103F-16F7-4668-BE54-9A1E7A4F7556}") = "TestTask.DataBase", "TestTask.DataBase\TestTask.DataBase.csproj", "{D9E259AC-F8F8-4236-8C99-3790492BD562}"
EndProject
Project("{FAE04EC0-301F-11D3-BF4B-00C04F79EFBC}") = "TestTask.CQRS", "TestTask.CQRS\TestTask.CQRS.csproj", "{60A10690-8C2B-403B-91C6-1BC664EDDEFB}"
EndProject
Global
	GlobalSection(SolutionConfigurationPlatforms) = preSolution
		Debug|Any CPU = Debug|Any CPU
		Release|Any CPU = Release|Any CPU
	EndGlobalSection
	GlobalSection(ProjectConfigurationPlatforms) = postSolution
		{2A66A52B-422C-4118-955B-EA89D22B5AE3}.Debug|Any CPU.ActiveCfg = Debug|Any CPU
		{2A66A52B-422C-4118-955B-EA89D22B5AE3}.Debug|Any CPU.Build.0 = Debug|Any CPU
		{2A66A52B-422C-4118-955B-EA89D22B5AE3}.Release|Any CPU.ActiveCfg = Release|Any CPU
		{2A66A52B-422C-4118-955B-EA89D22B5AE3}.Release|Any CPU.Build.0 = Release|Any CPU
		{D9E259AC-F8F8-4236-8C99-3790492BD562}.Debug|Any CPU.ActiveCfg = Debug|Any CPU
		{D9E259AC-F8F8-4236-8C99-3790492BD562}.Debug|Any CPU.Build.0 = Debug|Any CPU
		{D9E259AC-F8F8-4236-8C99-3790492BD562}.Release|Any CPU.ActiveCfg = Release|Any CPU
		{D9E259AC-F8F8-4236-8C99-3790492BD562}.Release|Any CPU.Build.0 = Release|Any CPU
		{60A10690-8C2B-403B-91C6-1BC664EDDEFB}.Debug|Any CPU.ActiveCfg = Debug|Any CPU
		{60A10690-8C2B-403B-91C6-1BC664EDDEFB}.Debug|Any CPU.Build.0 = Debug|Any CPU
		{60A10690-8C2B-403B-91C6-1BC664EDDEFB}.Release|Any CPU.ActiveCfg = Release|Any CPU
		{60A10690-8C2B-403B-91C6-1BC664EDDEFB}.Release|Any CPU.Build.0 = Release|Any CPU
	EndGlobalSection
	GlobalSection(SolutionProperties) = preSolution
		HideSolutionNode = FALSE
	EndGlobalSection
	GlobalSection(ExtensibilityGlobals) = postSolution
		SolutionGuid = {3A983980-09A8-4ED7-86F2-0843A98A4E94}
	EndGlobalSection
EndGlobal
